{
  "name": "nuclide",
  "version": "0.211.0",
  "dependencies": {
    "adm-zip": {
      "version": "0.4.7",
      "from": "adm-zip@0.4.7",
      "resolved": "https://registry.npmjs.org/adm-zip/-/adm-zip-0.4.7.tgz"
    },
    "ansi-regex": {
      "version": "2.1.1",
      "from": "ansi-regex@>=2.0.0 <3.0.0",
      "resolved": "https://registry.npmjs.org/ansi-regex/-/ansi-regex-2.1.1.tgz"
    },
    "ansi-styles": {
      "version": "2.2.1",
      "from": "ansi-styles@>=2.2.1 <3.0.0",
      "resolved": "https://registry.npmjs.org/ansi-styles/-/ansi-styles-2.2.1.tgz"
    },
    "argparse": {
      "version": "1.0.9",
      "from": "argparse@>=1.0.7 <2.0.0",
      "resolved": "https://registry.npmjs.org/argparse/-/argparse-1.0.9.tgz"
    },
    "array-filter": {
      "version": "0.0.1",
      "from": "array-filter@>=0.0.0 <0.1.0",
      "resolved": "https://registry.npmjs.org/array-filter/-/array-filter-0.0.1.tgz"
    },
    "array-map": {
      "version": "0.0.0",
      "from": "array-map@>=0.0.0 <0.1.0",
      "resolved": "https://registry.npmjs.org/array-map/-/array-map-0.0.0.tgz"
    },
    "array-reduce": {
      "version": "0.0.0",
      "from": "array-reduce@>=0.0.0 <0.1.0",
      "resolved": "https://registry.npmjs.org/array-reduce/-/array-reduce-0.0.0.tgz"
    },
    "asap": {
      "version": "2.0.5",
      "from": "asap@>=2.0.3 <2.1.0",
      "resolved": "https://registry.npmjs.org/asap/-/asap-2.0.5.tgz"
    },
    "asn1": {
      "version": "0.2.3",
      "from": "asn1@>=0.2.3 <0.3.0",
      "resolved": "https://registry.npmjs.org/asn1/-/asn1-0.2.3.tgz"
    },
    "assert-plus": {
      "version": "0.2.0",
      "from": "assert-plus@>=0.2.0 <0.3.0",
      "resolved": "https://registry.npmjs.org/assert-plus/-/assert-plus-0.2.0.tgz"
    },
    "async": {
      "version": "0.2.10",
      "from": "async@>=0.2.9 <0.3.0",
      "resolved": "https://registry.npmjs.org/async/-/async-0.2.10.tgz"
    },
    "async-to-generator": {
      "version": "1.0.0",
      "from": "async-to-generator@1.0.0",
      "resolved": "https://registry.npmjs.org/async-to-generator/-/async-to-generator-1.0.0.tgz"
    },
    "asynckit": {
      "version": "0.4.0",
      "from": "asynckit@>=0.4.0 <0.5.0",
      "resolved": "https://registry.npmjs.org/asynckit/-/asynckit-0.4.0.tgz"
    },
    "atom-package-deps": {
      "version": "4.3.1",
      "from": "atom-package-deps@4.3.1",
      "resolved": "https://registry.npmjs.org/atom-package-deps/-/atom-package-deps-4.3.1.tgz"
    },
    "atom-package-path": {
      "version": "1.1.0",
      "from": "atom-package-path@>=1.1.0 <2.0.0",
      "resolved": "https://registry.npmjs.org/atom-package-path/-/atom-package-path-1.1.0.tgz"
    },
    "atom-patch": {
      "version": "0.3.0",
      "from": "atom-patch@0.3.0",
      "resolved": "https://registry.npmjs.org/atom-patch/-/atom-patch-0.3.0.tgz"
    },
    "aws-sign2": {
      "version": "0.6.0",
      "from": "aws-sign2@>=0.6.0 <0.7.0",
      "resolved": "https://registry.npmjs.org/aws-sign2/-/aws-sign2-0.6.0.tgz"
    },
    "aws4": {
      "version": "1.6.0",
      "from": "aws4@>=1.2.1 <2.0.0",
      "resolved": "https://registry.npmjs.org/aws4/-/aws4-1.6.0.tgz"
    },
    "babylon": {
      "version": "6.15.0",
      "from": "babylon@6.15.0",
      "resolved": "https://registry.npmjs.org/babylon/-/babylon-6.15.0.tgz"
    },
    "balanced-match": {
      "version": "0.4.2",
      "from": "balanced-match@>=0.4.1 <0.5.0",
      "resolved": "https://registry.npmjs.org/balanced-match/-/balanced-match-0.4.2.tgz"
    },
    "base64-js": {
      "version": "1.1.2",
      "from": "base64-js@1.1.2",
      "resolved": "https://registry.npmjs.org/base64-js/-/base64-js-1.1.2.tgz"
    },
    "bcrypt-pbkdf": {
      "version": "1.0.1",
      "from": "bcrypt-pbkdf@>=1.0.0 <2.0.0",
      "resolved": "https://registry.npmjs.org/bcrypt-pbkdf/-/bcrypt-pbkdf-1.0.1.tgz",
      "optional": true
    },
    "big-integer": {
      "version": "1.6.17",
      "from": "big-integer@>=1.6.7 <2.0.0",
      "resolved": "https://registry.npmjs.org/big-integer/-/big-integer-1.6.17.tgz"
    },
    "boolbase": {
      "version": "1.0.0",
      "from": "boolbase@>=1.0.0 <1.1.0",
      "resolved": "https://registry.npmjs.org/boolbase/-/boolbase-1.0.0.tgz"
    },
    "boom": {
      "version": "2.10.1",
      "from": "boom@>=2.0.0 <3.0.0",
      "resolved": "https://registry.npmjs.org/boom/-/boom-2.10.1.tgz"
    },
    "bplist-parser": {
      "version": "0.1.1",
      "from": "bplist-parser@0.1.1",
      "resolved": "https://registry.npmjs.org/bplist-parser/-/bplist-parser-0.1.1.tgz"
    },
    "brace-expansion": {
      "version": "1.1.6",
      "from": "brace-expansion@>=1.0.0 <2.0.0",
      "resolved": "https://registry.npmjs.org/brace-expansion/-/brace-expansion-1.1.6.tgz"
    },
    "bser": {
      "version": "1.0.3",
      "from": "bser@>=1.0.2 <2.0.0",
      "resolved": "https://registry.npmjs.org/bser/-/bser-1.0.3.tgz"
    },
    "buffer-shims": {
      "version": "1.0.0",
      "from": "buffer-shims@>=1.0.0 <2.0.0",
      "resolved": "https://registry.npmjs.org/buffer-shims/-/buffer-shims-1.0.0.tgz"
    },
    "camelcase": {
      "version": "2.1.1",
      "from": "camelcase@>=2.0.1 <3.0.0",
      "resolved": "https://registry.npmjs.org/camelcase/-/camelcase-2.1.1.tgz"
    },
    "caseless": {
      "version": "0.11.0",
      "from": "caseless@>=0.11.0 <0.12.0",
      "resolved": "https://registry.npmjs.org/caseless/-/caseless-0.11.0.tgz"
    },
    "chalk": {
      "version": "1.1.3",
      "from": "chalk@1.1.3",
      "resolved": "https://registry.npmjs.org/chalk/-/chalk-1.1.3.tgz"
    },
    "cheerio": {
      "version": "0.22.0",
      "from": "cheerio@0.22.0",
      "resolved": "https://registry.npmjs.org/cheerio/-/cheerio-0.22.0.tgz"
    },
    "classnames": {
      "version": "2.2.5",
      "from": "classnames@2.2.5",
      "resolved": "https://registry.npmjs.org/classnames/-/classnames-2.2.5.tgz"
    },
    "cliui": {
      "version": "3.2.0",
      "from": "cliui@>=3.0.3 <4.0.0",
      "resolved": "https://registry.npmjs.org/cliui/-/cliui-3.2.0.tgz"
    },
    "code-point-at": {
      "version": "1.1.0",
      "from": "code-point-at@>=1.0.0 <2.0.0",
      "resolved": "https://registry.npmjs.org/code-point-at/-/code-point-at-1.1.0.tgz"
    },
    "combined-stream": {
      "version": "1.0.5",
      "from": "combined-stream@>=1.0.5 <1.1.0",
      "resolved": "https://registry.npmjs.org/combined-stream/-/combined-stream-1.0.5.tgz"
    },
    "commander": {
      "version": "2.9.0",
      "from": "commander@>=2.9.0 <3.0.0",
      "resolved": "https://registry.npmjs.org/commander/-/commander-2.9.0.tgz"
    },
    "concat-map": {
      "version": "0.0.1",
      "from": "concat-map@0.0.1",
      "resolved": "https://registry.npmjs.org/concat-map/-/concat-map-0.0.1.tgz"
    },
    "connect": {
      "version": "3.5.0",
      "from": "connect@3.5.0",
      "resolved": "https://registry.npmjs.org/connect/-/connect-3.5.0.tgz"
    },
    "consistent-env": {
      "version": "1.3.0",
      "from": "consistent-env@>=1.2.0 <2.0.0",
      "resolved": "https://registry.npmjs.org/consistent-env/-/consistent-env-1.3.0.tgz"
    },
    "core-js": {
      "version": "2.4.1",
      "from": "core-js@2.4.1",
      "resolved": "https://registry.npmjs.org/core-js/-/core-js-2.4.1.tgz"
    },
    "core-util-is": {
      "version": "1.0.2",
      "from": "core-util-is@>=1.0.0 <1.1.0",
      "resolved": "https://registry.npmjs.org/core-util-is/-/core-util-is-1.0.2.tgz"
    },
    "cryptiles": {
      "version": "2.0.5",
      "from": "cryptiles@>=2.0.0 <3.0.0",
      "resolved": "https://registry.npmjs.org/cryptiles/-/cryptiles-2.0.5.tgz"
    },
    "css-select": {
      "version": "1.2.0",
      "from": "css-select@>=1.2.0 <1.3.0",
      "resolved": "https://registry.npmjs.org/css-select/-/css-select-1.2.0.tgz"
    },
    "css-what": {
      "version": "2.1.0",
      "from": "css-what@>=2.1.0 <2.2.0",
      "resolved": "https://registry.npmjs.org/css-what/-/css-what-2.1.0.tgz"
    },
    "dashdash": {
      "version": "1.14.1",
      "from": "dashdash@>=1.12.0 <2.0.0",
      "resolved": "https://registry.npmjs.org/dashdash/-/dashdash-1.14.1.tgz",
      "dependencies": {
        "assert-plus": {
          "version": "1.0.0",
          "from": "assert-plus@>=1.0.0 <2.0.0",
          "resolved": "https://registry.npmjs.org/assert-plus/-/assert-plus-1.0.0.tgz"
        }
      }
    },
    "date-format": {
      "version": "0.0.0",
      "from": "date-format@>=0.0.0 <0.0.1",
      "resolved": "https://registry.npmjs.org/date-format/-/date-format-0.0.0.tgz"
    },
    "debug": {
      "version": "2.2.0",
      "from": "debug@>=2.2.0 <2.3.0",
      "resolved": "https://registry.npmjs.org/debug/-/debug-2.2.0.tgz"
    },
    "decamelize": {
      "version": "1.2.0",
      "from": "decamelize@>=1.1.1 <2.0.0",
      "resolved": "https://registry.npmjs.org/decamelize/-/decamelize-1.2.0.tgz"
    },
    "dedent": {
      "version": "0.6.0",
      "from": "dedent@0.6.0",
      "resolved": "https://registry.npmjs.org/dedent/-/dedent-0.6.0.tgz"
    },
    "delayed-stream": {
      "version": "1.0.0",
      "from": "delayed-stream@>=1.0.0 <1.1.0",
      "resolved": "https://registry.npmjs.org/delayed-stream/-/delayed-stream-1.0.0.tgz"
    },
    "dequeue": {
      "version": "1.0.5",
      "from": "dequeue@1.0.5",
      "resolved": "https://registry.npmjs.org/dequeue/-/dequeue-1.0.5.tgz"
    },
    "diff": {
      "version": "3.0.1",
      "from": "diff@3.0.1",
      "resolved": "https://registry.npmjs.org/diff/-/diff-3.0.1.tgz"
    },
    "diffparser": {
      "version": "1.1.0",
      "from": "diffparser@1.1.0",
      "resolved": "https://registry.npmjs.org/diffparser/-/diffparser-1.1.0.tgz"
    },
    "dom-serializer": {
      "version": "0.1.0",
      "from": "dom-serializer@>=0.1.0 <0.2.0",
      "resolved": "https://registry.npmjs.org/dom-serializer/-/dom-serializer-0.1.0.tgz",
      "dependencies": {
        "domelementtype": {
          "version": "1.1.3",
          "from": "domelementtype@>=1.1.1 <1.2.0",
          "resolved": "https://registry.npmjs.org/domelementtype/-/domelementtype-1.1.3.tgz"
        }
      }
    },
    "domelementtype": {
      "version": "1.3.0",
      "from": "domelementtype@>=1.0.0 <2.0.0",
      "resolved": "https://registry.npmjs.org/domelementtype/-/domelementtype-1.3.0.tgz"
    },
    "domhandler": {
      "version": "2.3.0",
      "from": "domhandler@>=2.3.0 <3.0.0",
      "resolved": "https://registry.npmjs.org/domhandler/-/domhandler-2.3.0.tgz"
    },
    "domutils": {
      "version": "1.5.1",
      "from": "domutils@1.5.1",
      "resolved": "https://registry.npmjs.org/domutils/-/domutils-1.5.1.tgz"
    },
    "ecc-jsbn": {
      "version": "0.1.1",
      "from": "ecc-jsbn@>=0.1.1 <0.2.0",
      "resolved": "https://registry.npmjs.org/ecc-jsbn/-/ecc-jsbn-0.1.1.tgz",
      "optional": true
    },
    "ee-first": {
      "version": "1.1.1",
      "from": "ee-first@1.1.1",
      "resolved": "https://registry.npmjs.org/ee-first/-/ee-first-1.1.1.tgz"
    },
    "encoding": {
      "version": "0.1.12",
      "from": "encoding@>=0.1.11 <0.2.0",
      "resolved": "https://registry.npmjs.org/encoding/-/encoding-0.1.12.tgz"
    },
    "entities": {
      "version": "1.1.1",
      "from": "entities@>=1.1.1 <1.2.0",
      "resolved": "https://registry.npmjs.org/entities/-/entities-1.1.1.tgz"
    },
    "escape-html": {
      "version": "1.0.3",
      "from": "escape-html@>=1.0.3 <1.1.0",
      "resolved": "https://registry.npmjs.org/escape-html/-/escape-html-1.0.3.tgz"
    },
    "escape-string-regexp": {
      "version": "1.0.5",
      "from": "escape-string-regexp@1.0.5",
      "resolved": "https://registry.npmjs.org/escape-string-regexp/-/escape-string-regexp-1.0.5.tgz"
    },
    "esprima": {
      "version": "2.7.3",
      "from": "esprima@>=2.6.0 <3.0.0",
      "resolved": "https://registry.npmjs.org/esprima/-/esprima-2.7.3.tgz"
    },
    "event-kit": {
      "version": "2.2.0",
      "from": "event-kit@2.2.0",
      "resolved": "https://registry.npmjs.org/event-kit/-/event-kit-2.2.0.tgz"
    },
    "extend": {
      "version": "3.0.0",
      "from": "extend@>=3.0.0 <3.1.0",
      "resolved": "https://registry.npmjs.org/extend/-/extend-3.0.0.tgz"
    },
    "extsprintf": {
      "version": "1.0.2",
      "from": "extsprintf@1.0.2",
      "resolved": "https://registry.npmjs.org/extsprintf/-/extsprintf-1.0.2.tgz"
    },
    "fb-watchman": {
      "version": "1.9.0",
      "from": "fb-watchman@1.9.0",
      "resolved": "https://registry.npmjs.org/fb-watchman/-/fb-watchman-1.9.0.tgz"
    },
    "fbjs": {
      "version": "0.8.9",
      "from": "fbjs@>=0.8.4 <0.9.0",
      "resolved": "https://registry.npmjs.org/fbjs/-/fbjs-0.8.9.tgz",
      "dependencies": {
        "core-js": {
          "version": "1.2.7",
          "from": "core-js@>=1.0.0 <2.0.0",
          "resolved": "https://registry.npmjs.org/core-js/-/core-js-1.2.7.tgz"
        }
      }
    },
    "finalhandler": {
      "version": "0.5.0",
      "from": "finalhandler@0.5.0",
      "resolved": "https://registry.npmjs.org/finalhandler/-/finalhandler-0.5.0.tgz"
    },
    "forever-agent": {
      "version": "0.6.1",
      "from": "forever-agent@>=0.6.1 <0.7.0",
      "resolved": "https://registry.npmjs.org/forever-agent/-/forever-agent-0.6.1.tgz"
    },
    "form-data": {
      "version": "2.1.2",
      "from": "form-data@>=2.1.1 <2.2.0",
      "resolved": "https://registry.npmjs.org/form-data/-/form-data-2.1.2.tgz"
    },
    "fs-plus": {
      "version": "2.9.3",
      "from": "fs-plus@2.9.3",
      "resolved": "https://registry.npmjs.org/fs-plus/-/fs-plus-2.9.3.tgz",
      "dependencies": {
        "mkdirp": {
          "version": "0.3.5",
          "from": "mkdirp@>=0.3.5 <0.4.0",
          "resolved": "https://registry.npmjs.org/mkdirp/-/mkdirp-0.3.5.tgz"
        },
        "rimraf": {
          "version": "2.2.8",
          "from": "rimraf@>=2.2.2 <2.3.0",
          "resolved": "https://registry.npmjs.org/rimraf/-/rimraf-2.2.8.tgz"
        }
      }
    },
    "fs.realpath": {
      "version": "1.0.0",
      "from": "fs.realpath@>=1.0.0 <2.0.0",
      "resolved": "https://registry.npmjs.org/fs.realpath/-/fs.realpath-1.0.0.tgz"
    },
    "fuzzaldrin-plus": {
      "version": "0.4.1",
      "from": "fuzzaldrin-plus@0.4.1",
      "resolved": "https://registry.npmjs.org/fuzzaldrin-plus/-/fuzzaldrin-plus-0.4.1.tgz"
    },
    "generate-function": {
      "version": "2.0.0",
      "from": "generate-function@>=2.0.0 <3.0.0",
      "resolved": "https://registry.npmjs.org/generate-function/-/generate-function-2.0.0.tgz"
    },
    "generate-object-property": {
      "version": "1.2.0",
      "from": "generate-object-property@>=1.1.0 <2.0.0",
      "resolved": "https://registry.npmjs.org/generate-object-property/-/generate-object-property-1.2.0.tgz"
    },
    "getpass": {
      "version": "0.1.6",
      "from": "getpass@>=0.1.1 <0.2.0",
      "resolved": "https://registry.npmjs.org/getpass/-/getpass-0.1.6.tgz",
      "dependencies": {
        "assert-plus": {
          "version": "1.0.0",
          "from": "assert-plus@>=1.0.0 <2.0.0",
          "resolved": "https://registry.npmjs.org/assert-plus/-/assert-plus-1.0.0.tgz"
        }
      }
    },
    "glob": {
      "version": "7.1.1",
      "from": "glob@7.1.1",
      "resolved": "https://registry.npmjs.org/glob/-/glob-7.1.1.tgz"
    },
    "graceful-readlink": {
      "version": "1.0.1",
      "from": "graceful-readlink@>=1.0.0",
      "resolved": "https://registry.npmjs.org/graceful-readlink/-/graceful-readlink-1.0.1.tgz"
    },
    "graphql": {
      "version": "0.7.2",
      "from": "graphql@0.7.2",
      "resolved": "https://registry.npmjs.org/graphql/-/graphql-0.7.2.tgz"
    },
    "har-validator": {
      "version": "2.0.6",
      "from": "har-validator@>=2.0.6 <2.1.0",
      "resolved": "https://registry.npmjs.org/har-validator/-/har-validator-2.0.6.tgz"
    },
    "has-ansi": {
      "version": "2.0.0",
      "from": "has-ansi@>=2.0.0 <3.0.0",
      "resolved": "https://registry.npmjs.org/has-ansi/-/has-ansi-2.0.0.tgz"
    },
    "hawk": {
      "version": "3.1.3",
      "from": "hawk@>=3.1.3 <3.2.0",
      "resolved": "https://registry.npmjs.org/hawk/-/hawk-3.1.3.tgz"
    },
    "heap": {
      "version": "0.2.6",
      "from": "heap@0.2.6",
      "resolved": "https://registry.npmjs.org/heap/-/heap-0.2.6.tgz"
    },
    "hoek": {
      "version": "2.16.3",
      "from": "hoek@>=2.0.0 <3.0.0",
      "resolved": "https://registry.npmjs.org/hoek/-/hoek-2.16.3.tgz"
    },
    "htmlparser2": {
      "version": "3.9.2",
      "from": "htmlparser2@>=3.9.1 <4.0.0",
      "resolved": "https://registry.npmjs.org/htmlparser2/-/htmlparser2-3.9.2.tgz"
    },
    "http-signature": {
      "version": "1.1.1",
      "from": "http-signature@>=1.1.0 <1.2.0",
      "resolved": "https://registry.npmjs.org/http-signature/-/http-signature-1.1.1.tgz"
    },
    "iconv-lite": {
      "version": "0.4.15",
      "from": "iconv-lite@>=0.4.13 <0.5.0",
      "resolved": "https://registry.npmjs.org/iconv-lite/-/iconv-lite-0.4.15.tgz"
    },
    "immutable": {
      "version": "3.7.6",
      "from": "immutable@3.7.6",
      "resolved": "https://registry.npmjs.org/immutable/-/immutable-3.7.6.tgz"
    },
    "inflight": {
      "version": "1.0.6",
      "from": "inflight@>=1.0.4 <2.0.0",
      "resolved": "https://registry.npmjs.org/inflight/-/inflight-1.0.6.tgz"
    },
    "inherits": {
      "version": "2.0.3",
      "from": "inherits@>=2.0.1 <3.0.0",
      "resolved": "https://registry.npmjs.org/inherits/-/inherits-2.0.3.tgz"
    },
    "ini": {
      "version": "1.3.4",
      "from": "ini@1.3.4",
      "resolved": "https://registry.npmjs.org/ini/-/ini-1.3.4.tgz"
    },
    "invert-kv": {
      "version": "1.0.0",
      "from": "invert-kv@>=1.0.0 <2.0.0",
      "resolved": "https://registry.npmjs.org/invert-kv/-/invert-kv-1.0.0.tgz"
    },
    "is-fullwidth-code-point": {
      "version": "1.0.0",
      "from": "is-fullwidth-code-point@>=1.0.0 <2.0.0",
      "resolved": "https://registry.npmjs.org/is-fullwidth-code-point/-/is-fullwidth-code-point-1.0.0.tgz"
    },
    "is-my-json-valid": {
      "version": "2.16.0",
      "from": "is-my-json-valid@>=2.12.4 <3.0.0",
      "resolved": "https://registry.npmjs.org/is-my-json-valid/-/is-my-json-valid-2.16.0.tgz"
    },
    "is-property": {
      "version": "1.0.2",
      "from": "is-property@>=1.0.0 <2.0.0",
      "resolved": "https://registry.npmjs.org/is-property/-/is-property-1.0.2.tgz"
    },
    "is-stream": {
      "version": "1.1.0",
      "from": "is-stream@>=1.0.1 <2.0.0",
      "resolved": "https://registry.npmjs.org/is-stream/-/is-stream-1.1.0.tgz"
    },
    "is-typedarray": {
      "version": "1.0.0",
      "from": "is-typedarray@>=1.0.0 <1.1.0",
      "resolved": "https://registry.npmjs.org/is-typedarray/-/is-typedarray-1.0.0.tgz"
    },
    "isarray": {
      "version": "1.0.0",
      "from": "isarray@>=1.0.0 <1.1.0",
      "resolved": "https://registry.npmjs.org/isarray/-/isarray-1.0.0.tgz"
    },
    "isomorphic-fetch": {
      "version": "2.2.1",
      "from": "isomorphic-fetch@>=2.1.1 <3.0.0",
      "resolved": "https://registry.npmjs.org/isomorphic-fetch/-/isomorphic-fetch-2.2.1.tgz"
    },
    "isstream": {
      "version": "0.1.2",
      "from": "isstream@>=0.1.2 <0.2.0",
      "resolved": "https://registry.npmjs.org/isstream/-/isstream-0.1.2.tgz"
    },
    "iterall": {
      "version": "1.0.2",
      "from": "iterall@1.0.2",
      "resolved": "https://registry.npmjs.org/iterall/-/iterall-1.0.2.tgz"
    },
    "jest-editor-support": {
      "version": "19.0.2",
      "from": "jest-editor-support@19.0.2",
      "resolved": "https://registry.npmjs.org/jest-editor-support/-/jest-editor-support-19.0.2.tgz"
    },
    "jodid25519": {
      "version": "1.0.2",
      "from": "jodid25519@>=1.0.0 <2.0.0",
      "resolved": "https://registry.npmjs.org/jodid25519/-/jodid25519-1.0.2.tgz",
      "optional": true
    },
    "js-tokens": {
      "version": "3.0.1",
      "from": "js-tokens@>=3.0.0 <4.0.0",
      "resolved": "https://registry.npmjs.org/js-tokens/-/js-tokens-3.0.1.tgz"
    },
    "js-yaml": {
      "version": "3.7.0",
      "from": "js-yaml@3.7.0",
      "resolved": "https://registry.npmjs.org/js-yaml/-/js-yaml-3.7.0.tgz"
    },
    "jsbn": {
      "version": "0.1.1",
      "from": "jsbn@>=0.1.0 <0.2.0",
      "resolved": "https://registry.npmjs.org/jsbn/-/jsbn-0.1.1.tgz",
      "optional": true
    },
    "json-schema": {
      "version": "0.2.3",
      "from": "json-schema@0.2.3",
      "resolved": "https://registry.npmjs.org/json-schema/-/json-schema-0.2.3.tgz"
    },
    "json-stringify-safe": {
      "version": "5.0.1",
      "from": "json-stringify-safe@>=5.0.1 <5.1.0",
      "resolved": "https://registry.npmjs.org/json-stringify-safe/-/json-stringify-safe-5.0.1.tgz"
    },
    "jsonify": {
      "version": "0.0.0",
      "from": "jsonify@>=0.0.0 <0.1.0",
      "resolved": "https://registry.npmjs.org/jsonify/-/jsonify-0.0.0.tgz"
    },
    "jsonpointer": {
      "version": "4.0.1",
      "from": "jsonpointer@>=4.0.0 <5.0.0",
      "resolved": "https://registry.npmjs.org/jsonpointer/-/jsonpointer-4.0.1.tgz"
    },
    "jsprim": {
      "version": "1.3.1",
      "from": "jsprim@>=1.2.2 <2.0.0",
      "resolved": "https://registry.npmjs.org/jsprim/-/jsprim-1.3.1.tgz"
    },
    "lcid": {
      "version": "1.0.0",
      "from": "lcid@>=1.0.0 <2.0.0",
      "resolved": "https://registry.npmjs.org/lcid/-/lcid-1.0.0.tgz"
    },
    "lodash": {
      "version": "4.17.4",
      "from": "lodash@>=4.2.1 <5.0.0",
      "resolved": "https://registry.npmjs.org/lodash/-/lodash-4.17.4.tgz"
    },
    "lodash-es": {
      "version": "4.17.4",
      "from": "lodash-es@>=4.2.1 <5.0.0",
      "resolved": "https://registry.npmjs.org/lodash-es/-/lodash-es-4.17.4.tgz"
    },
    "lodash._getnative": {
      "version": "3.9.1",
      "from": "lodash._getnative@>=3.0.0 <4.0.0",
      "resolved": "https://registry.npmjs.org/lodash._getnative/-/lodash._getnative-3.9.1.tgz"
    },
    "lodash.assignin": {
      "version": "4.2.0",
      "from": "lodash.assignin@>=4.0.9 <5.0.0",
      "resolved": "https://registry.npmjs.org/lodash.assignin/-/lodash.assignin-4.2.0.tgz"
    },
    "lodash.bind": {
      "version": "4.2.1",
      "from": "lodash.bind@>=4.1.4 <5.0.0",
      "resolved": "https://registry.npmjs.org/lodash.bind/-/lodash.bind-4.2.1.tgz"
    },
    "lodash.defaults": {
      "version": "4.2.0",
      "from": "lodash.defaults@>=4.0.1 <5.0.0",
      "resolved": "https://registry.npmjs.org/lodash.defaults/-/lodash.defaults-4.2.0.tgz"
    },
    "lodash.filter": {
      "version": "4.6.0",
      "from": "lodash.filter@>=4.4.0 <5.0.0",
      "resolved": "https://registry.npmjs.org/lodash.filter/-/lodash.filter-4.6.0.tgz"
    },
    "lodash.flatten": {
      "version": "4.4.0",
      "from": "lodash.flatten@>=4.2.0 <5.0.0",
      "resolved": "https://registry.npmjs.org/lodash.flatten/-/lodash.flatten-4.4.0.tgz"
    },
    "lodash.foreach": {
      "version": "4.5.0",
      "from": "lodash.foreach@>=4.3.0 <5.0.0",
      "resolved": "https://registry.npmjs.org/lodash.foreach/-/lodash.foreach-4.5.0.tgz"
    },
    "lodash.isarguments": {
      "version": "3.1.0",
      "from": "lodash.isarguments@>=3.0.0 <4.0.0",
      "resolved": "https://registry.npmjs.org/lodash.isarguments/-/lodash.isarguments-3.1.0.tgz"
    },
    "lodash.isarray": {
      "version": "3.0.4",
      "from": "lodash.isarray@>=3.0.0 <4.0.0",
      "resolved": "https://registry.npmjs.org/lodash.isarray/-/lodash.isarray-3.0.4.tgz"
    },
    "lodash.keys": {
      "version": "3.1.2",
      "from": "lodash.keys@>=3.1.2 <4.0.0",
      "resolved": "https://registry.npmjs.org/lodash.keys/-/lodash.keys-3.1.2.tgz"
    },
    "lodash.map": {
      "version": "4.6.0",
      "from": "lodash.map@>=4.4.0 <5.0.0",
      "resolved": "https://registry.npmjs.org/lodash.map/-/lodash.map-4.6.0.tgz"
    },
    "lodash.memoize": {
      "version": "3.0.4",
      "from": "lodash.memoize@3.0.4",
      "resolved": "https://registry.npmjs.org/lodash.memoize/-/lodash.memoize-3.0.4.tgz"
    },
    "lodash.merge": {
      "version": "4.6.0",
      "from": "lodash.merge@>=4.4.0 <5.0.0",
      "resolved": "https://registry.npmjs.org/lodash.merge/-/lodash.merge-4.6.0.tgz"
    },
    "lodash.pick": {
      "version": "4.4.0",
      "from": "lodash.pick@>=4.2.1 <5.0.0",
      "resolved": "https://registry.npmjs.org/lodash.pick/-/lodash.pick-4.4.0.tgz"
    },
    "lodash.reduce": {
      "version": "4.6.0",
      "from": "lodash.reduce@>=4.4.0 <5.0.0",
      "resolved": "https://registry.npmjs.org/lodash.reduce/-/lodash.reduce-4.6.0.tgz"
    },
    "lodash.reject": {
      "version": "4.6.0",
      "from": "lodash.reject@>=4.4.0 <5.0.0",
      "resolved": "https://registry.npmjs.org/lodash.reject/-/lodash.reject-4.6.0.tgz"
    },
    "lodash.some": {
      "version": "4.6.0",
      "from": "lodash.some@>=4.4.0 <5.0.0",
      "resolved": "https://registry.npmjs.org/lodash.some/-/lodash.some-4.6.0.tgz"
    },
    "lodash.uniq": {
      "version": "4.5.0",
      "from": "lodash.uniq@>=4.5.0 <5.0.0",
      "resolved": "https://registry.npmjs.org/lodash.uniq/-/lodash.uniq-4.5.0.tgz"
    },
    "log4js": {
      "version": "1.1.1",
      "from": "log4js@1.1.1",
      "resolved": "https://registry.npmjs.org/log4js/-/log4js-1.1.1.tgz"
    },
    "loose-envify": {
      "version": "1.3.1",
      "from": "loose-envify@>=1.1.0 <2.0.0",
      "resolved": "https://registry.npmjs.org/loose-envify/-/loose-envify-1.3.1.tgz"
    },
    "lru-cache": {
      "version": "4.0.2",
      "from": "lru-cache@4.0.2",
      "resolved": "https://registry.npmjs.org/lru-cache/-/lru-cache-4.0.2.tgz"
    },
    "marked": {
      "version": "0.3.6",
      "from": "marked@0.3.6",
      "resolved": "https://registry.npmjs.org/marked/-/marked-0.3.6.tgz"
    },
    "mime-db": {
      "version": "1.26.0",
      "from": "mime-db@>=1.26.0 <1.27.0",
      "resolved": "https://registry.npmjs.org/mime-db/-/mime-db-1.26.0.tgz"
    },
    "mime-types": {
      "version": "2.1.14",
      "from": "mime-types@>=2.1.7 <2.2.0",
      "resolved": "https://registry.npmjs.org/mime-types/-/mime-types-2.1.14.tgz"
    },
    "minimatch": {
      "version": "3.0.3",
      "from": "minimatch@3.0.3",
      "resolved": "https://registry.npmjs.org/minimatch/-/minimatch-3.0.3.tgz"
    },
    "minimist": {
      "version": "0.0.8",
      "from": "minimist@0.0.8",
      "resolved": "https://registry.npmjs.org/minimist/-/minimist-0.0.8.tgz"
    },
    "mkdirp": {
      "version": "0.5.1",
      "from": "mkdirp@0.5.1",
      "resolved": "https://registry.npmjs.org/mkdirp/-/mkdirp-0.5.1.tgz"
    },
    "ms": {
      "version": "0.7.1",
      "from": "ms@0.7.1",
      "resolved": "https://registry.npmjs.org/ms/-/ms-0.7.1.tgz"
    },
    "mv": {
      "version": "2.1.1",
      "from": "mv@2.1.1",
      "resolved": "https://registry.npmjs.org/mv/-/mv-2.1.1.tgz",
      "dependencies": {
        "glob": {
          "version": "6.0.4",
          "from": "glob@>=6.0.1 <7.0.0",
          "resolved": "https://registry.npmjs.org/glob/-/glob-6.0.4.tgz"
        },
        "rimraf": {
          "version": "2.4.5",
          "from": "rimraf@>=2.4.0 <2.5.0",
          "resolved": "https://registry.npmjs.org/rimraf/-/rimraf-2.4.5.tgz"
        }
      }
    },
    "ncp": {
      "version": "2.0.0",
      "from": "ncp@>=2.0.0 <2.1.0",
      "resolved": "https://registry.npmjs.org/ncp/-/ncp-2.0.0.tgz"
    },
    "node-fetch": {
      "version": "1.6.3",
      "from": "node-fetch@1.6.3",
      "resolved": "https://registry.npmjs.org/node-fetch/-/node-fetch-1.6.3.tgz"
    },
    "node-int64": {
      "version": "0.4.0",
      "from": "node-int64@>=0.4.0 <0.5.0",
      "resolved": "https://registry.npmjs.org/node-int64/-/node-int64-0.4.0.tgz"
    },
    "nth-check": {
      "version": "1.0.1",
      "from": "nth-check@>=1.0.1 <1.1.0",
      "resolved": "https://registry.npmjs.org/nth-check/-/nth-check-1.0.1.tgz"
    },
    "nullthrows": {
      "version": "1.0.0",
      "from": "nullthrows@1.0.0",
      "resolved": "https://registry.npmjs.org/nullthrows/-/nullthrows-1.0.0.tgz"
    },
    "number-is-nan": {
      "version": "1.0.1",
      "from": "number-is-nan@>=1.0.0 <2.0.0",
      "resolved": "https://registry.npmjs.org/number-is-nan/-/number-is-nan-1.0.1.tgz"
    },
    "oauth-sign": {
      "version": "0.8.2",
      "from": "oauth-sign@>=0.8.1 <0.9.0",
      "resolved": "https://registry.npmjs.org/oauth-sign/-/oauth-sign-0.8.2.tgz"
    },
    "object-assign": {
      "version": "4.1.1",
      "from": "object-assign@>=4.1.0 <5.0.0",
      "resolved": "https://registry.npmjs.org/object-assign/-/object-assign-4.1.1.tgz"
    },
    "on-finished": {
      "version": "2.3.0",
      "from": "on-finished@>=2.3.0 <2.4.0",
      "resolved": "https://registry.npmjs.org/on-finished/-/on-finished-2.3.0.tgz"
    },
    "once": {
      "version": "1.4.0",
      "from": "once@>=1.3.0 <2.0.0",
      "resolved": "https://registry.npmjs.org/once/-/once-1.4.0.tgz"
    },
    "os-locale": {
      "version": "1.4.0",
      "from": "os-locale@>=1.4.0 <2.0.0",
      "resolved": "https://registry.npmjs.org/os-locale/-/os-locale-1.4.0.tgz"
    },
    "os-tmpdir": {
      "version": "1.0.2",
      "from": "os-tmpdir@>=1.0.0 <2.0.0",
      "resolved": "https://registry.npmjs.org/os-tmpdir/-/os-tmpdir-1.0.2.tgz"
    },
    "parseurl": {
      "version": "1.3.1",
      "from": "parseurl@>=1.3.1 <1.4.0",
      "resolved": "https://registry.npmjs.org/parseurl/-/parseurl-1.3.1.tgz"
    },
    "path-is-absolute": {
      "version": "1.0.1",
      "from": "path-is-absolute@>=1.0.0 <2.0.0",
      "resolved": "https://registry.npmjs.org/path-is-absolute/-/path-is-absolute-1.0.1.tgz"
    },
    "pinkie": {
      "version": "2.0.4",
      "from": "pinkie@>=2.0.0 <3.0.0",
      "resolved": "https://registry.npmjs.org/pinkie/-/pinkie-2.0.4.tgz"
    },
    "pinkie-promise": {
      "version": "2.0.1",
      "from": "pinkie-promise@>=2.0.0 <3.0.0",
      "resolved": "https://registry.npmjs.org/pinkie-promise/-/pinkie-promise-2.0.1.tgz"
    },
    "plist": {
      "version": "2.0.1",
      "from": "plist@2.0.1",
      "resolved": "https://registry.npmjs.org/plist/-/plist-2.0.1.tgz"
    },
    "process-nextick-args": {
      "version": "1.0.7",
      "from": "process-nextick-args@>=1.0.6 <1.1.0",
      "resolved": "https://registry.npmjs.org/process-nextick-args/-/process-nextick-args-1.0.7.tgz"
    },
    "promise": {
      "version": "7.1.1",
      "from": "promise@>=7.1.1 <8.0.0",
      "resolved": "https://registry.npmjs.org/promise/-/promise-7.1.1.tgz"
    },
    "pseudomap": {
      "version": "1.0.2",
      "from": "pseudomap@>=1.0.1 <2.0.0",
      "resolved": "https://registry.npmjs.org/pseudomap/-/pseudomap-1.0.2.tgz"
    },
    "punycode": {
      "version": "1.4.1",
      "from": "punycode@>=1.4.1 <2.0.0",
      "resolved": "https://registry.npmjs.org/punycode/-/punycode-1.4.1.tgz"
    },
    "qs": {
      "version": "6.3.2",
      "from": "qs@>=6.3.0 <6.4.0",
      "resolved": "https://registry.npmjs.org/qs/-/qs-6.3.2.tgz"
    },
    "random-seed": {
      "version": "0.2.0",
      "from": "random-seed@>=0.2.0 <0.3.0",
      "resolved": "https://registry.npmjs.org/random-seed/-/random-seed-0.2.0.tgz"
    },
    "react": {
      "version": "15.3.1",
      "from": "react@15.3.1",
      "resolved": "https://registry.npmjs.org/react/-/react-15.3.1.tgz"
    },
    "react-devtools-core": {
      "version": "2.0.8",
      "from": "react-devtools-core@2.0.8",
      "resolved": "https://registry.npmjs.org/react-devtools-core/-/react-devtools-core-2.0.8.tgz"
    },
    "react-dom": {
      "version": "15.3.1",
      "from": "react-dom@15.3.1",
      "resolved": "https://registry.npmjs.org/react-dom/-/react-dom-15.3.1.tgz"
    },
    "readable-stream": {
      "version": "2.2.3",
      "from": "readable-stream@>=2.0.2 <3.0.0",
      "resolved": "https://registry.npmjs.org/readable-stream/-/readable-stream-2.2.3.tgz"
    },
    "redux": {
      "version": "3.6.0",
      "from": "redux@3.6.0",
      "resolved": "https://registry.npmjs.org/redux/-/redux-3.6.0.tgz"
    },
    "request": {
      "version": "2.79.0",
      "from": "request@2.79.0",
      "resolved": "https://registry.npmjs.org/request/-/request-2.79.0.tgz"
    },
    "resolve-from": {
      "version": "2.0.0",
      "from": "resolve-from@2.0.0",
      "resolved": "https://registry.npmjs.org/resolve-from/-/resolve-from-2.0.0.tgz"
    },
    "rimraf": {
      "version": "2.5.4",
      "from": "rimraf@2.5.4",
      "resolved": "https://registry.npmjs.org/rimraf/-/rimraf-2.5.4.tgz"
    },
    "rxjs": {
      "version": "5.0.1",
      "from": "rxjs@5.0.1",
      "resolved": "https://registry.npmjs.org/rxjs/-/rxjs-5.0.1.tgz"
    },
    "sax": {
      "version": "1.2.2",
      "from": "sax@>=0.6.0",
      "resolved": "https://registry.npmjs.org/sax/-/sax-1.2.2.tgz"
    },
    "sb-callsite": {
      "version": "1.1.2",
      "from": "sb-callsite@>=1.1.2 <2.0.0",
      "resolved": "https://registry.npmjs.org/sb-callsite/-/sb-callsite-1.1.2.tgz"
    },
    "sb-exec": {
      "version": "3.1.0",
      "from": "sb-exec@>=3.0.1 <4.0.0",
      "resolved": "https://registry.npmjs.org/sb-exec/-/sb-exec-3.1.0.tgz"
    },
    "sb-memoize": {
      "version": "1.0.2",
      "from": "sb-memoize@>=1.0.2 <2.0.0",
      "resolved": "https://registry.npmjs.org/sb-memoize/-/sb-memoize-1.0.2.tgz"
    },
    "sb-npm-path": {
      "version": "2.0.0",
      "from": "sb-npm-path@>=2.0.0 <3.0.0",
      "resolved": "https://registry.npmjs.org/sb-npm-path/-/sb-npm-path-2.0.0.tgz"
    },
    "sb-promisify": {
      "version": "2.0.1",
      "from": "sb-promisify@>=2.0.1 <3.0.0",
      "resolved": "https://registry.npmjs.org/sb-promisify/-/sb-promisify-2.0.1.tgz"
    },
    "semver": {
      "version": "5.3.0",
      "from": "semver@5.3.0",
      "resolved": "https://registry.npmjs.org/semver/-/semver-5.3.0.tgz"
    },
    "setimmediate": {
      "version": "1.0.5",
      "from": "setimmediate@>=1.0.5 <2.0.0",
      "resolved": "https://registry.npmjs.org/setimmediate/-/setimmediate-1.0.5.tgz"
    },
    "shallowequal": {
      "version": "0.2.2",
      "from": "shallowequal@0.2.2",
      "resolved": "https://registry.npmjs.org/shallowequal/-/shallowequal-0.2.2.tgz"
    },
    "shell-quote": {
      "version": "1.6.1",
      "from": "shell-quote@1.6.1",
      "resolved": "https://registry.npmjs.org/shell-quote/-/shell-quote-1.6.1.tgz"
    },
    "simple-text-buffer": {
      "version": "9.2.11",
      "from": "simple-text-buffer@9.2.11",
      "resolved": "https://registry.npmjs.org/simple-text-buffer/-/simple-text-buffer-9.2.11.tgz"
    },
    "sntp": {
      "version": "1.0.9",
      "from": "sntp@>=1.0.0 <2.0.0",
      "resolved": "https://registry.npmjs.org/sntp/-/sntp-1.0.9.tgz"
    },
    "span-skip-list": {
      "version": "0.2.0",
      "from": "span-skip-list@0.2.0",
      "resolved": "https://registry.npmjs.org/span-skip-list/-/span-skip-list-0.2.0.tgz"
    },
    "split": {
      "version": "1.0.0",
      "from": "split@1.0.0",
      "resolved": "https://registry.npmjs.org/split/-/split-1.0.0.tgz"
    },
    "sprintf-js": {
      "version": "1.0.3",
      "from": "sprintf-js@>=1.0.2 <1.1.0",
      "resolved": "https://registry.npmjs.org/sprintf-js/-/sprintf-js-1.0.3.tgz"
    },
    "ssh2": {
      "version": "0.5.4",
      "from": "ssh2@0.5.4",
      "resolved": "https://registry.npmjs.org/ssh2/-/ssh2-0.5.4.tgz"
    },
    "ssh2-streams": {
      "version": "0.1.16",
      "from": "ssh2-streams@>=0.1.15 <0.2.0",
      "resolved": "https://registry.npmjs.org/ssh2-streams/-/ssh2-streams-0.1.16.tgz"
    },
    "sshpk": {
      "version": "1.11.0",
      "from": "sshpk@>=1.7.0 <2.0.0",
      "resolved": "https://registry.npmjs.org/sshpk/-/sshpk-1.11.0.tgz",
      "dependencies": {
        "assert-plus": {
          "version": "1.0.0",
          "from": "assert-plus@>=1.0.0 <2.0.0",
          "resolved": "https://registry.npmjs.org/assert-plus/-/assert-plus-1.0.0.tgz"
        }
      }
    },
    "statuses": {
      "version": "1.3.1",
      "from": "statuses@>=1.3.0 <1.4.0",
      "resolved": "https://registry.npmjs.org/statuses/-/statuses-1.3.1.tgz"
    },
    "streamroller": {
      "version": "0.4.0",
      "from": "streamroller@>=0.4.0 <0.5.0",
      "resolved": "https://registry.npmjs.org/streamroller/-/streamroller-0.4.0.tgz",
      "dependencies": {
        "debug": {
          "version": "0.7.4",
          "from": "debug@>=0.7.2 <0.8.0",
          "resolved": "https://registry.npmjs.org/debug/-/debug-0.7.4.tgz"
        },
        "isarray": {
          "version": "0.0.1",
          "from": "isarray@0.0.1",
          "resolved": "https://registry.npmjs.org/isarray/-/isarray-0.0.1.tgz"
        },
        "readable-stream": {
          "version": "1.1.14",
          "from": "readable-stream@>=1.1.7 <2.0.0",
          "resolved": "https://registry.npmjs.org/readable-stream/-/readable-stream-1.1.14.tgz"
        }
      }
    },
    "streamsearch": {
      "version": "0.1.2",
      "from": "streamsearch@>=0.1.2 <0.2.0",
      "resolved": "https://registry.npmjs.org/streamsearch/-/streamsearch-0.1.2.tgz"
    },
    "string_decoder": {
      "version": "0.10.31",
      "from": "string_decoder@>=0.10.0 <0.11.0",
      "resolved": "https://registry.npmjs.org/string_decoder/-/string_decoder-0.10.31.tgz"
    },
    "string-width": {
      "version": "1.0.2",
      "from": "string-width@>=1.0.1 <2.0.0",
      "resolved": "https://registry.npmjs.org/string-width/-/string-width-1.0.2.tgz"
    },
    "stringstream": {
      "version": "0.0.5",
      "from": "stringstream@>=0.0.4 <0.1.0",
      "resolved": "https://registry.npmjs.org/stringstream/-/stringstream-0.0.5.tgz"
    },
    "strip-ansi": {
      "version": "3.0.1",
      "from": "strip-ansi@3.0.1",
      "resolved": "https://registry.npmjs.org/strip-ansi/-/strip-ansi-3.0.1.tgz"
    },
    "supports-color": {
      "version": "2.0.0",
      "from": "supports-color@>=2.0.0 <3.0.0",
      "resolved": "https://registry.npmjs.org/supports-color/-/supports-color-2.0.0.tgz"
    },
    "symbol-observable": {
      "version": "1.0.4",
      "from": "symbol-observable@1.0.4",
      "resolved": "https://registry.npmjs.org/symbol-observable/-/symbol-observable-1.0.4.tgz"
    },
    "temp": {
      "version": "0.8.3",
      "from": "temp@0.8.3",
      "resolved": "https://registry.npmjs.org/temp/-/temp-0.8.3.tgz",
      "dependencies": {
        "rimraf": {
          "version": "2.2.8",
          "from": "rimraf@>=2.2.6 <2.3.0",
          "resolved": "https://registry.npmjs.org/rimraf/-/rimraf-2.2.8.tgz"
        }
      }
    },
    "through": {
      "version": "2.3.8",
      "from": "through@>=2.0.0 <3.0.0",
      "resolved": "https://registry.npmjs.org/through/-/through-2.3.8.tgz"
    },
    "tough-cookie": {
      "version": "2.3.2",
      "from": "tough-cookie@>=2.3.0 <2.4.0",
      "resolved": "https://registry.npmjs.org/tough-cookie/-/tough-cookie-2.3.2.tgz"
    },
    "tunnel-agent": {
      "version": "0.4.3",
      "from": "tunnel-agent@>=0.4.1 <0.5.0",
      "resolved": "https://registry.npmjs.org/tunnel-agent/-/tunnel-agent-0.4.3.tgz"
    },
    "tweetnacl": {
      "version": "0.14.5",
      "from": "tweetnacl@>=0.14.0 <0.15.0",
      "resolved": "https://registry.npmjs.org/tweetnacl/-/tweetnacl-0.14.5.tgz",
      "optional": true
    },
    "ua-parser-js": {
      "version": "0.7.12",
      "from": "ua-parser-js@>=0.7.9 <0.8.0",
      "resolved": "https://registry.npmjs.org/ua-parser-js/-/ua-parser-js-0.7.12.tgz"
    },
    "ultron": {
      "version": "1.1.0",
      "from": "ultron@>=1.1.0 <1.2.0",
      "resolved": "https://registry.npmjs.org/ultron/-/ultron-1.1.0.tgz"
    },
    "underscore": {
      "version": "1.6.0",
      "from": "underscore@>=1.6.0 <1.7.0",
      "resolved": "https://registry.npmjs.org/underscore/-/underscore-1.6.0.tgz"
    },
    "underscore-plus": {
      "version": "1.6.6",
      "from": "underscore-plus@>=1.0.0 <2.0.0",
      "resolved": "https://registry.npmjs.org/underscore-plus/-/underscore-plus-1.6.6.tgz"
    },
    "unpipe": {
      "version": "1.0.0",
      "from": "unpipe@>=1.0.0 <1.1.0",
      "resolved": "https://registry.npmjs.org/unpipe/-/unpipe-1.0.0.tgz"
    },
    "urlregexp": {
      "version": "1.0.2",
      "from": "urlregexp@1.0.2",
      "resolved": "https://registry.npmjs.org/urlregexp/-/urlregexp-1.0.2.tgz"
    },
    "util-deprecate": {
      "version": "1.0.2",
      "from": "util-deprecate@>=1.0.1 <1.1.0",
      "resolved": "https://registry.npmjs.org/util-deprecate/-/util-deprecate-1.0.2.tgz"
    },
    "utils-merge": {
      "version": "1.0.0",
      "from": "utils-merge@1.0.0",
      "resolved": "https://registry.npmjs.org/utils-merge/-/utils-merge-1.0.0.tgz"
    },
    "uuid": {
      "version": "3.0.1",
      "from": "uuid@3.0.1",
      "resolved": "https://registry.npmjs.org/uuid/-/uuid-3.0.1.tgz"
    },
    "v8-compile-cache": {
      "version": "1.0.0",
      "from": "v8-compile-cache@1.0.0",
      "resolved": "https://registry.npmjs.org/v8-compile-cache/-/v8-compile-cache-1.0.0.tgz"
    },
    "verror": {
      "version": "1.3.6",
      "from": "verror@1.3.6",
      "resolved": "https://registry.npmjs.org/verror/-/verror-1.3.6.tgz"
    },
    "vscode-jsonrpc": {
      "version": "3.0.3",
      "from": "vscode-jsonrpc@3.0.3",
      "resolved": "https://registry.npmjs.org/vscode-jsonrpc/-/vscode-jsonrpc-3.0.3.tgz"
    },
    "whatwg-fetch": {
      "version": "2.0.3",
      "from": "whatwg-fetch@>=0.10.0",
      "resolved": "https://registry.npmjs.org/whatwg-fetch/-/whatwg-fetch-2.0.3.tgz"
    },
    "window-size": {
      "version": "0.1.4",
      "from": "window-size@>=0.1.4 <0.2.0",
      "resolved": "https://registry.npmjs.org/window-size/-/window-size-0.1.4.tgz"
    },
    "wrap-ansi": {
      "version": "2.1.0",
      "from": "wrap-ansi@>=2.0.0 <3.0.0",
      "resolved": "https://registry.npmjs.org/wrap-ansi/-/wrap-ansi-2.1.0.tgz"
    },
    "wrappy": {
      "version": "1.0.2",
      "from": "wrappy@>=1.0.0 <2.0.0",
      "resolved": "https://registry.npmjs.org/wrappy/-/wrappy-1.0.2.tgz"
    },
    "ws": {
      "version": "2.0.3",
      "from": "ws@2.0.3",
      "resolved": "https://registry.npmjs.org/ws/-/ws-2.0.3.tgz"
    },
    "xml2js": {
      "version": "0.4.17",
      "from": "xml2js@0.4.17",
      "resolved": "https://registry.npmjs.org/xml2js/-/xml2js-0.4.17.tgz",
      "dependencies": {
        "xmlbuilder": {
          "version": "4.2.1",
          "from": "xmlbuilder@>=4.1.0 <5.0.0",
          "resolved": "https://registry.npmjs.org/xmlbuilder/-/xmlbuilder-4.2.1.tgz"
        }
      }
    },
    "xmlbuilder": {
      "version": "8.2.2",
      "from": "xmlbuilder@8.2.2",
      "resolved": "https://registry.npmjs.org/xmlbuilder/-/xmlbuilder-8.2.2.tgz"
    },
    "xmldom": {
      "version": "0.1.27",
      "from": "xmldom@>=0.1.0 <0.2.0",
      "resolved": "https://registry.npmjs.org/xmldom/-/xmldom-0.1.27.tgz"
    },
    "xtend": {
      "version": "4.0.1",
      "from": "xtend@>=4.0.0 <5.0.0",
      "resolved": "https://registry.npmjs.org/xtend/-/xtend-4.0.1.tgz"
    },
    "y18n": {
      "version": "3.2.1",
      "from": "y18n@>=3.2.0 <4.0.0",
      "resolved": "https://registry.npmjs.org/y18n/-/y18n-3.2.1.tgz"
    },
    "yallist": {
      "version": "2.0.0",
      "from": "yallist@>=2.0.0 <3.0.0",
      "resolved": "https://registry.npmjs.org/yallist/-/yallist-2.0.0.tgz"
    },
    "yargs": {
      "version": "3.32.0",
      "from": "yargs@3.32.0",
      "resolved": "https://registry.npmjs.org/yargs/-/yargs-3.32.0.tgz"
    }
  }
}
