# THIS IS AN AUTOGENERATED FILE. DO NOT EDIT THIS FILE DIRECTLY.
# yarn lockfile v1


fuse-bindings@^2.11.2:
  version "2.11.2"
  resolved "https://registry.yarnpkg.com/fuse-bindings/-/fuse-bindings-2.11.2.tgz#ce1f2e8d18beab589d34d52bc3025a7e26ac747d"
  dependencies:
    nan "^2.3.5"
    node-gyp-build "^3.2.2"
    xtend "^4.0.1"

nan@^2.3.5:
  version "2.10.0"
  resolved "https://registry.yarnpkg.com/nan/-/nan-2.10.0.tgz#96d0cd610ebd58d4b4de9cc0c6828cda99c7548f"

node-gyp-build@^3.2.2:
  version "3.4.0"
  resolved "https://registry.yarnpkg.com/node-gyp-build/-/node-gyp-build-3.4.0.tgz#f8f62507e65f152488b28aac25d04b9d79748cf7"

xtend@^4.0.1:
  version "4.0.1"
  resolved "https://registry.yarnpkg.com/xtend/-/xtend-4.0.1.tgz#a5c6d532be656e23db820efb943a1f04998d63af"
