
Microsoft Visual Studio Solution File, Format Version 12.00
# Visual Studio 15
VisualStudioVersion = 15.0.27422.0
MinimumVisualStudioVersion = 10.0.40219.1
Project("{9A19103F-16F7-4668-BE54-9A1E7A4F7556}") = "NodeDebugAdapter", "NodeDebugAdapter.csproj", "{FF72AE19-1081-4A1D-A2EA-EA50A3530289}"
EndProject
Global
	GlobalSection(SolutionConfigurationPlatforms) = preSolution
		Debug|Any CPU = Debug|Any CPU
		Release|Any CPU = Release|Any CPU
	EndGlobalSection
	GlobalSection(ProjectConfigurationPlatforms) = postSolution
		{FF72AE19-1081-4A1D-A2EA-EA50A3530289}.Debug|Any CPU.ActiveCfg = Debug|Any CPU
		{FF72AE19-1081-4A1D-A2EA-EA50A3530289}.Debug|Any CPU.Build.0 = Debug|Any CPU
		{FF72AE19-1081-4A1D-A2EA-EA50A3530289}.Release|Any CPU.ActiveCfg = Release|Any CPU
		{FF72AE19-1081-4A1D-A2EA-EA50A3530289}.Release|Any CPU.Build.0 = Release|Any CPU
	EndGlobalSection
	GlobalSection(SolutionProperties) = preSolution
		HideSolutionNode = FALSE
	EndGlobalSection
	GlobalSection(ExtensibilityGlobals) = postSolution
		SolutionGuid = {A0031A13-F520-495A-A28F-38294166BF6F}
	EndGlobalSection
EndGlobal
